
Microsoft Visual Studio Solution File, Format Version 12.00
# Visual Studio Version 17
VisualStudioVersion = 17.8.34525.116
MinimumVisualStudioVersion = 10.0.40219.1
Project("{2150E333-8FDC-42A3-9474-1A3956D46DE8}") = "src", "src", "{B3C90018-678C-4A49-A98B-049B448C9C25}"
EndProject
Project("{2150E333-8FDC-42A3-9474-1A3956D46DE8}") = "tests", "tests", "{19E375A0-F783-4FBE-BA4E-7C810E48C944}"
EndProject
Project("{FAE04EC0-301F-11D3-BF4B-00C04F79EFBC}") = "RocketseatAuction.API", "src\RocketseatAuction.API\RocketseatAuction.API.csproj", "{0AD75E2A-B979-4257-9BAD-78B9D2DE176F}"
EndProject
Global
	GlobalSection(SolutionConfigurationPlatforms) = preSolution
		Debug|Any CPU = Debug|Any CPU
		Release|Any CPU = Release|Any CPU
	EndGlobalSection
	GlobalSection(ProjectConfigurationPlatforms) = postSolution
		{0AD75E2A-B979-4257-9BAD-78B9D2DE176F}.Debug|Any CPU.ActiveCfg = Debug|Any CPU
		{0AD75E2A-B979-4257-9BAD-78B9D2DE176F}.Debug|Any CPU.Build.0 = Debug|Any CPU
		{0AD75E2A-B979-4257-9BAD-78B9D2DE176F}.Release|Any CPU.ActiveCfg = Release|Any CPU
		{0AD75E2A-B979-4257-9BAD-78B9D2DE176F}.Release|Any CPU.Build.0 = Release|Any CPU
	EndGlobalSection
	GlobalSection(SolutionProperties) = preSolution
		HideSolutionNode = FALSE
	EndGlobalSection
	GlobalSection(NestedProjects) = preSolution
		{0AD75E2A-B979-4257-9BAD-78B9D2DE176F} = {B3C90018-678C-4A49-A98B-049B448C9C25}
	EndGlobalSection
	GlobalSection(ExtensibilityGlobals) = postSolution
		SolutionGuid = {0721D8FB-814C-4FCA-B2CA-5674425B02D2}
	EndGlobalSection
EndGlobal
